
Microsoft Visual Studio Solution File, Format Version 12.00
# Visual Studio Version 17
VisualStudioVersion = 17.0.31912.275
MinimumVisualStudioVersion = 10.0.40219.1
Project("{FAE04EC0-301F-11D3-BF4B-00C04F79EFBC}") = "WpfButtonGridDemo", "WpfButtonGridDemo\WpfButtonGridDemo.csproj", "{16421B0A-5ED4-446B-9369-FD852888EF38}"
EndProject
Global
	GlobalSection(SolutionConfigurationPlatforms) = preSolution
		Debug|Any CPU = Debug|Any CPU
		Release|Any CPU = Release|Any CPU
	EndGlobalSection
	GlobalSection(ProjectConfigurationPlatforms) = postSolution
		{16421B0A-5ED4-446B-9369-FD852888EF38}.Debug|Any CPU.ActiveCfg = Debug|Any CPU
		{16421B0A-5ED4-446B-9369-FD852888EF38}.Debug|Any CPU.Build.0 = Debug|Any CPU
		{16421B0A-5ED4-446B-9369-FD852888EF38}.Release|Any CPU.ActiveCfg = Release|Any CPU
		{16421B0A-5ED4-446B-9369-FD852888EF38}.Release|Any CPU.Build.0 = Release|Any CPU
	EndGlobalSection
	GlobalSection(SolutionProperties) = preSolution
		HideSolutionNode = FALSE
	EndGlobalSection
	GlobalSection(ExtensibilityGlobals) = postSolution
		SolutionGuid = {73BE1283-75EE-43BF-9E6B-1DB48D87464B}
	EndGlobalSection
EndGlobal
